
Microsoft Visual Studio Solution File, Format Version 12.00
# Visual Studio Version 17
VisualStudioVersion = 17.4.33205.214
MinimumVisualStudioVersion = 10.0.40219.1
Project("{FAE04EC0-301F-11D3-BF4B-00C04F79EFBC}") = "LockHoodApp", "LockHoodApp\LockHoodApp.csproj", "{C83E7A53-FEFC-4986-9425-40661C92F4E2}"
EndProject
Global
	GlobalSection(SolutionConfigurationPlatforms) = preSolution
		Debug|Any CPU = Debug|Any CPU
		Release|Any CPU = Release|Any CPU
	EndGlobalSection
	GlobalSection(ProjectConfigurationPlatforms) = postSolution
		{C83E7A53-FEFC-4986-9425-40661C92F4E2}.Debug|Any CPU.ActiveCfg = Debug|Any CPU
		{C83E7A53-FEFC-4986-9425-40661C92F4E2}.Debug|Any CPU.Build.0 = Debug|Any CPU
		{C83E7A53-FEFC-4986-9425-40661C92F4E2}.Release|Any CPU.ActiveCfg = Release|Any CPU
		{C83E7A53-FEFC-4986-9425-40661C92F4E2}.Release|Any CPU.Build.0 = Release|Any CPU
	EndGlobalSection
	GlobalSection(SolutionProperties) = preSolution
		HideSolutionNode = FALSE
	EndGlobalSection
	GlobalSection(ExtensibilityGlobals) = postSolution
		SolutionGuid = {8239B58B-9C86-4099-97BE-11BE8E53B257}
	EndGlobalSection
EndGlobal
